// !$*UTF8*$!
{
	archiveVersion = 1;
	classes = {
	};
	objectVersion = 46;
	objects = {

/* Begin PBXBuildFile section */
		4B9271231C89DD1800B9A263 /* AppDelegate.swift in Sources */ = {isa = PBXBuildFile; fileRef = 4B9271221C89DD1800B9A263 /* AppDelegate.swift */; };
		4B9271251C89DD1800B9A263 /* ViewController.swift in Sources */ = {isa = PBXBuildFile; fileRef = 4B9271241C89DD1800B9A263 /* ViewController.swift */; };
		4B9271281C89DD1800B9A263 /* Main.storyboard in Resources */ = {isa = PBXBuildFile; fileRef = 4B9271261C89DD1800B9A263 /* Main.storyboard */; };
		4B92712B1C89DD1800B9A263 /* pokedex.xcdatamodeld in Sources */ = {isa = PBXBuildFile; fileRef = 4B9271291C89DD1800B9A263 /* pokedex.xcdatamodeld */; };
		4B92712D1C89DD1800B9A263 /* Assets.xcassets in Resources */ = {isa = PBXBuildFile; fileRef = 4B92712C1C89DD1800B9A263 /* Assets.xcassets */; };
		4B9271301C89DD1800B9A263 /* LaunchScreen.storyboard in Resources */ = {isa = PBXBuildFile; fileRef = 4B92712E1C89DD1800B9A263 /* LaunchScreen.storyboard */; };
		4B9271381C89E27500B9A263 /* pokemon.csv in Resources */ = {isa = PBXBuildFile; fileRef = 4B9271371C89E27500B9A263 /* pokemon.csv */; };
/* End PBXBuildFile section */

/* Begin PBXFileReference section */
		4B92711F1C89DD1800B9A263 /* pokedex.app */ = {isa = PBXFileReference; explicitFileType = wrapper.application; includeInIndex = 0; path = pokedex.app; sourceTree = BUILT_PRODUCTS_DIR; };
		4B9271221C89DD1800B9A263 /* AppDelegate.swift */ = {isa = PBXFileReference; lastKnownFileType = sourcecode.swift; path = AppDelegate.swift; sourceTree = "<group>"; };
		4B9271241C89DD1800B9A263 /* ViewController.swift */ = {isa = PBXFileReference; lastKnownFileType = sourcecode.swift; path = ViewController.swift; sourceTree = "<group>"; };
		4B9271271C89DD1800B9A263 /* Base */ = {isa = PBXFileReference; lastKnownFileType = file.storyboard; name = Base; path = Base.lproj/Main.storyboard; sourceTree = "<group>"; };
		4B92712A1C89DD1800B9A263 /* pokedex.xcdatamodel */ = {isa = PBXFileReference; lastKnownFileType = wrapper.xcdatamodel; path = pokedex.xcdatamodel; sourceTree = "<group>"; };
		4B92712C1C89DD1800B9A263 /* Assets.xcassets */ = {isa = PBXFileReference; lastKnownFileType = folder.assetcatalog; path = Assets.xcassets; sourceTree = "<group>"; };
		4B92712F1C89DD1800B9A263 /* Base */ = {isa = PBXFileReference; lastKnownFileType = file.storyboard; name = Base; path = Base.lproj/LaunchScreen.storyboard; sourceTree = "<group>"; };
		4B9271311C89DD1800B9A263 /* Info.plist */ = {isa = PBXFileReference; lastKnownFileType = text.plist.xml; path = Info.plist; sourceTree = "<group>"; };
		4B9271371C89E27500B9A263 /* pokemon.csv */ = {isa = PBXFileReference; fileEncoding = 4; lastKnownFileType = text; path = pokemon.csv; sourceTree = "<group>"; };
/* End PBXFileReference section */

/* Begin PBXFrameworksBuildPhase section */
		4B92711C1C89DD1800B9A263 /* Frameworks */ = {
			isa = PBXFrameworksBuildPhase;
			buildActionMask = 2147483647;
			files = (
			);
			runOnlyForDeploymentPostprocessing = 0;
		};
/* End PBXFrameworksBuildPhase section */

/* Begin PBXGroup section */
		4B9271161C89DD1800B9A263 = {
			isa = PBXGroup;
			children = (
				4B9271211C89DD1800B9A263 /* pokedex */,
				4B9271201C89DD1800B9A263 /* Products */,
			);
			sourceTree = "<group>";
		};
		4B9271201C89DD1800B9A263 /* Products */ = {
			isa = PBXGroup;
			children = (
				4B92711F1C89DD1800B9A263 /* pokedex.app */,
			);
			name = Products;
			sourceTree = "<group>";
		};
		4B9271211C89DD1800B9A263 /* pokedex */ = {
			isa = PBXGroup;
			children = (
				4B9271221C89DD1800B9A263 /* AppDelegate.swift */,
				4B9271241C89DD1800B9A263 /* ViewController.swift */,
				4B9271261C89DD1800B9A263 /* Main.storyboard */,
				4B9271371C89E27500B9A263 /* pokemon.csv */,
				4B92712C1C89DD1800B9A263 /* Assets.xcassets */,
				4B92712E1C89DD1800B9A263 /* LaunchScreen.storyboard */,
				4B9271311C89DD1800B9A263 /* Info.plist */,
				4B9271291C89DD1800B9A263 /* pokedex.xcdatamodeld */,
			);
			path = pokedex;
			sourceTree = "<group>";
		};
/* End PBXGroup section */

/* Begin PBXNativeTarget section */
		4B92711E1C89DD1800B9A263 /* pokedex */ = {
			isa = PBXNativeTarget;
			buildConfigurationList = 4B9271341C89DD1800B9A263 /* Build configuration list for PBXNativeTarget "pokedex" */;
			buildPhases = (
				4B92711B1C89DD1800B9A263 /* Sources */,
				4B92711C1C89DD1800B9A263 /* Frameworks */,
				4B92711D1C89DD1800B9A263 /* Resources */,
			);
			buildRules = (
			);
			dependencies = (
			);
			name = pokedex;
			productName = pokedex;
			productReference = 4B92711F1C89DD1800B9A263 /* pokedex.app */;
			productType = "com.apple.product-type.application";
		};
/* End PBXNativeTarget section */

/* Begin PBXProject section */
		4B9271171C89DD1800B9A263 /* Project object */ = {
			isa = PBXProject;
			attributes = {
				LastSwiftUpdateCheck = 0720;
				LastUpgradeCheck = 0720;
				ORGANIZATIONNAME = KanixLau;
				TargetAttributes = {
					4B92711E1C89DD1800B9A263 = {
						CreatedOnToolsVersion = 7.2.1;
						DevelopmentTeam = VUUP9P6824;
					};
				};
			};
			buildConfigurationList = 4B92711A1C89DD1800B9A263 /* Build configuration list for PBXProject "pokedex" */;
			compatibilityVersion = "Xcode 3.2";
			developmentRegion = English;
			hasScannedForEncodings = 0;
			knownRegions = (
				en,
				Base,
			);
			mainGroup = 4B9271161C89DD1800B9A263;
			productRefGroup = 4B9271201C89DD1800B9A263 /* Products */;
			projectDirPath = "";
			projectRoot = "";
			targets = (
				4B92711E1C89DD1800B9A263 /* pokedex */,
			);
		};
/* End PBXProject section */

/* Begin PBXResourcesBuildPhase section */
		4B92711D1C89DD1800B9A263 /* Resources */ = {
			isa = PBXResourcesBuildPhase;
			buildActionMask = 2147483647;
			files = (
				4B9271301C89DD1800B9A263 /* LaunchScreen.storyboard in Resources */,
				4B92712D1C89DD1800B9A263 /* Assets.xcassets in Resources */,
				4B9271381C89E27500B9A263 /* pokemon.csv in Resources */,
				4B9271281C89DD1800B9A263 /* Main.storyboard in Resources */,
			);
			runOnlyForDeploymentPostprocessing = 0;
		};
/* End PBXResourcesBuildPhase section */

/* Begin PBXSourcesBuildPhase section */
		4B92711B1C89DD1800B9A263 /* Sources */ = {
			isa = PBXSourcesBuildPhase;
			buildActionMask = 2147483647;
			files = (
				4B92712B1C89DD1800B9A263 /* pokedex.xcdatamodeld in Sources */,
				4B9271251C89DD1800B9A263 /* ViewController.swift in Sources */,
				4B9271231C89DD1800B9A263 /* AppDelegate.swift in Sources */,
			);
			runOnlyForDeploymentPostprocessing = 0;
		};
/* End PBXSourcesBuildPhase section */

/* Begin PBXVariantGroup section */
		4B9271261C89DD1800B9A263 /* Main.storyboard */ = {
			isa = PBXVariantGroup;
			children = (
				4B9271271C89DD1800B9A263 /* Base */,
			);
			name = Main.storyboard;
			sourceTree = "<group>";
		};
		4B92712E1C89DD1800B9A263 /* LaunchScreen.storyboard */ = {
			isa = PBXVariantGroup;
			children = (
				4B92712F1C89DD1800B9A263 /* Base */,
			);
			name = LaunchScreen.storyboard;
			sourceTree = "<group>";
		};
/* End PBXVariantGroup section */

/* Begin XCBuildConfiguration section */
		4B9271321C89DD1800B9A263 /* Debug */ = {
			isa = XCBuildConfiguration;
			buildSettings = {
				ALWAYS_SEARCH_USER_PATHS = NO;
				CLANG_CXX_LANGUAGE_STANDARD = "gnu++0x";
				CLANG_CXX_LIBRARY = "libc++";
				CLANG_ENABLE_MODULES = YES;
				CLANG_ENABLE_OBJC_ARC = YES;
				CLANG_WARN_BOOL_CONVERSION = YES;
				CLANG_WARN_CONSTANT_CONVERSION = YES;
				CLANG_WARN_DIRECT_OBJC_ISA_USAGE = YES_ERROR;
				CLANG_WARN_EMPTY_BODY = YES;
				CLANG_WARN_ENUM_CONVERSION = YES;
				CLANG_WARN_INT_CONVERSION = YES;
				CLANG_WARN_OBJC_ROOT_CLASS = YES_ERROR;
				CLANG_WARN_UNREACHABLE_CODE = YES;
				CLANG_WARN__DUPLICATE_METHOD_MATCH = YES;
				"CODE_SIGN_IDENTITY[sdk=iphoneos*]" = "iPhone Developer";
				COPY_PHASE_STRIP = NO;
				DEBUG_INFORMATION_FORMAT = dwarf;
				ENABLE_STRICT_OBJC_MSGSEND = YES;
				ENABLE_TESTABILITY = YES;
				GCC_C_LANGUAGE_STANDARD = gnu99;
				GCC_DYNAMIC_NO_PIC = NO;
				GCC_NO_COMMON_BLOCKS = YES;
				GCC_OPTIMIZATION_LEVEL = 0;
				GCC_PREPROCESSOR_DEFINITIONS = (
					"DEBUG=1",
					"$(inherited)",
				);
				GCC_WARN_64_TO_32_BIT_CONVERSION = YES;
				GCC_WARN_ABOUT_RETURN_TYPE = YES_ERROR;
				GCC_WARN_UNDECLARED_SELECTOR = YES;
				GCC_WARN_UNINITIALIZED_AUTOS = YES_AGGRESSIVE;
				GCC_WARN_UNUSED_FUNCTION = YES;
				GCC_WARN_UNUSED_VARIABLE = YES;
				IPHONEOS_DEPLOYMENT_TARGET = 9.2;
				MTL_ENABLE_DEBUG_INFO = YES;
				ONLY_ACTIVE_ARCH = YES;
				SDKROOT = iphoneos;
				SWIFT_OPTIMIZATION_LEVEL = "-Onone";
				TARGETED_DEVICE_FAMILY = "1,2";
			};
			name = Debug;
		};
		4B9271331C89DD1800B9A263 /* Release */ = {
			isa = XCBuildConfiguration;
			buildSettings = {
				ALWAYS_SEARCH_USER_PATHS = NO;
				CLANG_CXX_LANGUAGE_STANDARD = "gnu++0x";
				CLANG_CXX_LIBRARY = "libc++";
				CLANG_ENABLE_MODULES = YES;
				CLANG_ENABLE_OBJC_ARC = YES;
				CLANG_WARN_BOOL_CONVERSION = YES;
				CLANG_WARN_CONSTANT_CONVERSION = YES;
				CLANG_WARN_DIRECT_OBJC_ISA_USAGE = YES_ERROR;
				CLANG_WARN_EMPTY_BODY = YES;
				CLANG_WARN_ENUM_CONVERSION = YES;
				CLANG_WARN_INT_CONVERSION = YES;
				CLANG_WARN_OBJC_ROOT_CLASS = YES_ERROR;
				CLANG_WARN_UNREACHABLE_CODE = YES;
				CLANG_WARN__DUPLICATE_METHOD_MATCH = YES;
				"CODE_SIGN_IDENTITY[sdk=iphoneos*]" = "iPhone Developer";
				COPY_PHASE_STRIP = NO;
				DEBUG_INFORMATION_FORMAT = "dwarf-with-dsym";
				ENABLE_NS_ASSERTIONS = NO;
				ENABLE_STRICT_OBJC_MSGSEND = YES;
				GCC_C_LANGUAGE_STANDARD = gnu99;
				GCC_NO_COMMON_BLOCKS = YES;
				GCC_WARN_64_TO_32_BIT_CONVERSION = YES;
				GCC_WARN_ABOUT_RETURN_TYPE = YES_ERROR;
				GCC_WARN_UNDECLARED_SELECTOR = YES;
				GCC_WARN_UNINITIALIZED_AUTOS = YES_AGGRESSIVE;
				GCC_WARN_UNUSED_FUNCTION = YES;
				GCC_WARN_UNUSED_VARIABLE = YES;
				IPHONEOS_DEPLOYMENT_TARGET = 9.2;
				MTL_ENABLE_DEBUG_INFO = NO;
				SDKROOT = iphoneos;
				TARGETED_DEVICE_FAMILY = "1,2";
				VALIDATE_PRODUCT = YES;
			};
			name = Release;
		};
		4B9271351C89DD1800B9A263 /* Debug */ = {
			isa = XCBuildConfiguration;
			buildSettings = {
				ASSETCATALOG_COMPILER_APPICON_NAME = AppIcon;
				INFOPLIST_FILE = pokedex/Info.plist;
				LD_RUNPATH_SEARCH_PATHS = "$(inherited) @executable_path/Frameworks";
				PRODUCT_BUNDLE_IDENTIFIER = com.kanixlau.pokedex;
				PRODUCT_NAME = "$(TARGET_NAME)";
			};
			name = Debug;
		};
		4B9271361C89DD1800B9A263 /* Release */ = {
			isa = XCBuildConfiguration;
			buildSettings = {
				ASSETCATALOG_COMPILER_APPICON_NAME = AppIcon;
				INFOPLIST_FILE = pokedex/Info.plist;
				LD_RUNPATH_SEARCH_PATHS = "$(inherited) @executable_path/Frameworks";
				PRODUCT_BUNDLE_IDENTIFIER = com.kanixlau.pokedex;
				PRODUCT_NAME = "$(TARGET_NAME)";
			};
			name = Release;
		};
/* End XCBuildConfiguration section */

/* Begin XCConfigurationList section */
		4B92711A1C89DD1800B9A263 /* Build configuration list for PBXProject "pokedex" */ = {
			isa = XCConfigurationList;
			buildConfigurations = (
				4B9271321C89DD1800B9A263 /* Debug */,
				4B9271331C89DD1800B9A263 /* Release */,
			);
			defaultConfigurationIsVisible = 0;
			defaultConfigurationName = Release;
		};
		4B9271341C89DD1800B9A263 /* Build configuration list for PBXNativeTarget "pokedex" */ = {
			isa = XCConfigurationList;
			buildConfigurations = (
				4B9271351C89DD1800B9A263 /* Debug */,
				4B9271361C89DD1800B9A263 /* Release */,
			);
			defaultConfigurationIsVisible = 0;
		};
/* End XCConfigurationList section */

/* Begin XCVersionGroup section */
		4B9271291C89DD1800B9A263 /* pokedex.xcdatamodeld */ = {
			isa = XCVersionGroup;
			children = (
				4B92712A1C89DD1800B9A263 /* pokedex.xcdatamodel */,
			);
			currentVersion = 4B92712A1C89DD1800B9A263 /* pokedex.xcdatamodel */;
			path = pokedex.xcdatamodeld;
			sourceTree = "<group>";
			versionGroupType = wrapper.xcdatamodel;
		};
/* End XCVersionGroup section */
	};
	rootObject = 4B9271171C89DD1800B9A263 /* Project object */;
}
